
Microsoft Visual Studio Solution File, Format Version 12.00
# Visual Studio Version 16
VisualStudioVersion = 16.0.29609.76
MinimumVisualStudioVersion = 10.0.40219.1
Project("{9A19103F-16F7-4668-BE54-9A1E7A4F7556}") = "Panther.NetCore", "src\Panther.NetCore\Panther.NetCore.csproj", "{6E6F8797-BC88-4FEE-AE3A-E0518917A5BA}"
EndProject
Project("{2150E333-8FDC-42A3-9474-1A3956D46DE8}") = "src", "src", "{4B3D0566-D73D-41C9-AAD2-6175EF25ADE7}"
EndProject
Project("{2150E333-8FDC-42A3-9474-1A3956D46DE8}") = "Core", "Core", "{778CD177-DBC1-44A4-9362-77CB9CE33449}"
EndProject
Project("{9A19103F-16F7-4668-BE54-9A1E7A4F7556}") = "Panther.Core.Library", "src\Core\Panther.Core.Library\Panther.Core.Library.csproj", "{0D10BA13-8DE1-4334-8EF4-E057E04B3B66}"
EndProject
Project("{2150E333-8FDC-42A3-9474-1A3956D46DE8}") = "Modules", "Modules", "{B6CD6A87-259C-4241-9558-975FB268A314}"
EndProject
Project("{9A19103F-16F7-4668-BE54-9A1E7A4F7556}") = "Panther.Core.Player", "src\Core\Panther.Core.Player\Panther.Core.Player.csproj", "{B9829891-2039-46C3-94D5-FDDACC7B2C06}"
EndProject
Project("{FAE04EC0-301F-11D3-BF4B-00C04F79EFBC}") = "Panther.Core", "src\Core\Panther.Core\Panther.Core.csproj", "{F9C354F1-620A-494F-889D-D3EAF3D10BB5}"
EndProject
Global
	GlobalSection(SolutionConfigurationPlatforms) = preSolution
		Debug|Any CPU = Debug|Any CPU
		Release|Any CPU = Release|Any CPU
	EndGlobalSection
	GlobalSection(ProjectConfigurationPlatforms) = postSolution
		{6E6F8797-BC88-4FEE-AE3A-E0518917A5BA}.Debug|Any CPU.ActiveCfg = Debug|Any CPU
		{6E6F8797-BC88-4FEE-AE3A-E0518917A5BA}.Debug|Any CPU.Build.0 = Debug|Any CPU
		{6E6F8797-BC88-4FEE-AE3A-E0518917A5BA}.Release|Any CPU.ActiveCfg = Release|Any CPU
		{6E6F8797-BC88-4FEE-AE3A-E0518917A5BA}.Release|Any CPU.Build.0 = Release|Any CPU
		{0D10BA13-8DE1-4334-8EF4-E057E04B3B66}.Debug|Any CPU.ActiveCfg = Debug|Any CPU
		{0D10BA13-8DE1-4334-8EF4-E057E04B3B66}.Debug|Any CPU.Build.0 = Debug|Any CPU
		{0D10BA13-8DE1-4334-8EF4-E057E04B3B66}.Release|Any CPU.ActiveCfg = Release|Any CPU
		{0D10BA13-8DE1-4334-8EF4-E057E04B3B66}.Release|Any CPU.Build.0 = Release|Any CPU
		{B9829891-2039-46C3-94D5-FDDACC7B2C06}.Debug|Any CPU.ActiveCfg = Debug|Any CPU
		{B9829891-2039-46C3-94D5-FDDACC7B2C06}.Debug|Any CPU.Build.0 = Debug|Any CPU
		{B9829891-2039-46C3-94D5-FDDACC7B2C06}.Release|Any CPU.ActiveCfg = Release|Any CPU
		{B9829891-2039-46C3-94D5-FDDACC7B2C06}.Release|Any CPU.Build.0 = Release|Any CPU
		{F9C354F1-620A-494F-889D-D3EAF3D10BB5}.Debug|Any CPU.ActiveCfg = Debug|Any CPU
		{F9C354F1-620A-494F-889D-D3EAF3D10BB5}.Debug|Any CPU.Build.0 = Debug|Any CPU
		{F9C354F1-620A-494F-889D-D3EAF3D10BB5}.Release|Any CPU.ActiveCfg = Release|Any CPU
		{F9C354F1-620A-494F-889D-D3EAF3D10BB5}.Release|Any CPU.Build.0 = Release|Any CPU
	EndGlobalSection
	GlobalSection(SolutionProperties) = preSolution
		HideSolutionNode = FALSE
	EndGlobalSection
	GlobalSection(NestedProjects) = preSolution
		{6E6F8797-BC88-4FEE-AE3A-E0518917A5BA} = {4B3D0566-D73D-41C9-AAD2-6175EF25ADE7}
		{778CD177-DBC1-44A4-9362-77CB9CE33449} = {4B3D0566-D73D-41C9-AAD2-6175EF25ADE7}
		{0D10BA13-8DE1-4334-8EF4-E057E04B3B66} = {778CD177-DBC1-44A4-9362-77CB9CE33449}
		{B6CD6A87-259C-4241-9558-975FB268A314} = {4B3D0566-D73D-41C9-AAD2-6175EF25ADE7}
		{B9829891-2039-46C3-94D5-FDDACC7B2C06} = {778CD177-DBC1-44A4-9362-77CB9CE33449}
		{F9C354F1-620A-494F-889D-D3EAF3D10BB5} = {778CD177-DBC1-44A4-9362-77CB9CE33449}
	EndGlobalSection
	GlobalSection(ExtensibilityGlobals) = postSolution
		SolutionGuid = {32B0EFDA-E387-4284-8B14-17BBF0717FA4}
	EndGlobalSection
EndGlobal
